
Microsoft Visual Studio Solution File, Format Version 12.00
# Visual Studio 15
VisualStudioVersion = 15.0.26730.3
MinimumVisualStudioVersion = 10.0.40219.1
Project("{FAE04EC0-301F-11D3-BF4B-00C04F79EFBC}") = "Lab07-Week07", "Lab07-Week07\Lab07-Week07.csproj", "{2531C425-0EC9-4F52-9C86-081D9CD72158}"
EndProject
Global
	GlobalSection(SolutionConfigurationPlatforms) = preSolution
		Debug|Any CPU = Debug|Any CPU
		Release|Any CPU = Release|Any CPU
	EndGlobalSection
	GlobalSection(ProjectConfigurationPlatforms) = postSolution
		{2531C425-0EC9-4F52-9C86-081D9CD72158}.Debug|Any CPU.ActiveCfg = Debug|Any CPU
		{2531C425-0EC9-4F52-9C86-081D9CD72158}.Debug|Any CPU.Build.0 = Debug|Any CPU
		{2531C425-0EC9-4F52-9C86-081D9CD72158}.Release|Any CPU.ActiveCfg = Release|Any CPU
		{2531C425-0EC9-4F52-9C86-081D9CD72158}.Release|Any CPU.Build.0 = Release|Any CPU
	EndGlobalSection
	GlobalSection(SolutionProperties) = preSolution
		HideSolutionNode = FALSE
	EndGlobalSection
	GlobalSection(ExtensibilityGlobals) = postSolution
		SolutionGuid = {F379864F-5DAB-455B-B803-6303E2060FA2}
	EndGlobalSection
EndGlobal
